{
  "name": "bloom-jump",
  "version": "1.0.0",
  "lockfileVersion": 3,
  "requires": true,
  "packages": {
    "": {
      "name": "bloom-jump",
      "version": "1.0.0",
      "dependencies": {
        "@bloomengine/engine": "^0.4.6"
      }
    },
    "node_modules/@bloomengine/engine": {
      "version": "0.4.6",
      "resolved": "https://registry.npmjs.org/@bloomengine/engine/-/engine-0.4.6.tgz",
      "integrity": "sha512-ipzKeezSwvhtwT2V4YBFFNn0HN59EctX2fhVremmy9fIWHdbr/j8Zb17EtS27a5/c5MYlgvTkvvJAo3dS0ucMg==",
      "license": "MIT",
      "dependencies": {
        "@bloomengine/jolt-prebuilt": "0.4.1"
      }
    },
    "node_modules/@bloomengine/jolt-prebuilt": {
      "version": "0.4.1",
      "resolved": "https://registry.npmjs.org/@bloomengine/jolt-prebuilt/-/jolt-prebuilt-0.4.1.tgz",
      "integrity": "sha512-NMzqkpJO6E3jr5kYPg43w2SpiIOLOmOA3GMVeXRZsC/cHQ8mjqk1Yr/jWiGoC2RyerqNGbbh9EOiPqUAY6xeKw==",
      "license": "MIT"
    }
  }
}
