{
  "name": "bloom-jump",
  "version": "1.0.0",
  "lockfileVersion": 3,
  "requires": true,
  "packages": {
    "": {
      "name": "bloom-jump",
      "version": "1.0.0",
      "dependencies": {
        "@bloomengine/engine": "^0.3.2"
      }
    },
    "node_modules/@bloomengine/engine": {
      "version": "0.3.3",
      "resolved": "https://registry.npmjs.org/@bloomengine/engine/-/engine-0.3.3.tgz",
      "integrity": "sha512-Te4vvpj8PA6FsmUCl/wrVU8aW7+EtPncJJlTzDX5iS6iq5SvJuESFPgKKPyGJaATibG6OOt7C1/kJtRMWMyaWQ==",
      "license": "MIT"
    }
  }
}
