{
  "name": "bloom-jump",
  "version": "1.0.0",
  "lockfileVersion": 3,
  "requires": true,
  "packages": {
    "": {
      "name": "bloom-jump",
      "version": "1.0.0",
      "dependencies": {
        "@bloomengine/engine": "^0.4.10"
      }
    },
    "node_modules/@bloomengine/engine": {
      "version": "0.4.10",
      "resolved": "https://registry.npmjs.org/@bloomengine/engine/-/engine-0.4.10.tgz",
      "integrity": "sha512-NJ3a9lRBZbh/i3gGuKQJX8Xz8mWjZuuP2W9GbEfapzGab7futM99lqM6brzVfpSCp6gOiRQCQSwRY1KbpjHGGA==",
      "license": "MIT",
      "dependencies": {
        "@bloomengine/jolt-prebuilt": "0.4.1"
      }
    },
    "node_modules/@bloomengine/jolt-prebuilt": {
      "version": "0.4.1",
      "resolved": "https://registry.npmjs.org/@bloomengine/jolt-prebuilt/-/jolt-prebuilt-0.4.1.tgz",
      "integrity": "sha512-NMzqkpJO6E3jr5kYPg43w2SpiIOLOmOA3GMVeXRZsC/cHQ8mjqk1Yr/jWiGoC2RyerqNGbbh9EOiPqUAY6xeKw==",
      "license": "MIT"
    }
  }
}
